
Microsoft Visual Studio Solution File, Format Version 12.00
# Visual Studio 15
Project("{FAE04EC0-301F-11D3-BF4B-00C04F79EFBC}") = "Assembly-CSharp", "Assembly-CSharp.csproj", "{02AF10A3-ED8C-E53F-4173-9CA93BC0F870}"
EndProject
Project("{FAE04EC0-301F-11D3-BF4B-00C04F79EFBC}") = "Assembly-CSharp-Editor", "Assembly-CSharp-Editor.csproj", "{B1D8E22C-5BA4-11ED-3455-1617382C8A05}"
EndProject
Global
	GlobalSection(SolutionConfigurationPlatforms) = preSolution
		Debug|Any CPU = Debug|Any CPU
		Release|Any CPU = Release|Any CPU
	EndGlobalSection
	GlobalSection(ProjectConfigurationPlatforms) = postSolution
		{02AF10A3-ED8C-E53F-4173-9CA93BC0F870}.Debug|Any CPU.ActiveCfg = Debug|Any CPU
		{02AF10A3-ED8C-E53F-4173-9CA93BC0F870}.Debug|Any CPU.Build.0 = Debug|Any CPU
		{02AF10A3-ED8C-E53F-4173-9CA93BC0F870}.Release|Any CPU.ActiveCfg = Release|Any CPU
		{02AF10A3-ED8C-E53F-4173-9CA93BC0F870}.Release|Any CPU.Build.0 = Release|Any CPU
		{B1D8E22C-5BA4-11ED-3455-1617382C8A05}.Debug|Any CPU.ActiveCfg = Debug|Any CPU
		{B1D8E22C-5BA4-11ED-3455-1617382C8A05}.Debug|Any CPU.Build.0 = Debug|Any CPU
		{B1D8E22C-5BA4-11ED-3455-1617382C8A05}.Release|Any CPU.ActiveCfg = Release|Any CPU
		{B1D8E22C-5BA4-11ED-3455-1617382C8A05}.Release|Any CPU.Build.0 = Release|Any CPU
	EndGlobalSection
	GlobalSection(SolutionProperties) = preSolution
		HideSolutionNode = FALSE
	EndGlobalSection
EndGlobal
